
Microsoft Visual Studio Solution File, Format Version 12.00
# Visual Studio Version 16
VisualStudioVersion = 16.0.30320.27
MinimumVisualStudioVersion = 10.0.40219.1
Project("{8BC9CEB8-8B4A-11D0-8D11-00A0C91BC942}") = "Win1", "Win1\Win1.vcxproj", "{EAF46D22-A1A7-4FCE-8289-3E16AD933DFE}"
EndProject
Global
	GlobalSection(SolutionConfigurationPlatforms) = preSolution
		Debug|x64 = Debug|x64
		Debug|x86 = Debug|x86
		Release|x64 = Release|x64
		Release|x86 = Release|x86
	EndGlobalSection
	GlobalSection(ProjectConfigurationPlatforms) = postSolution
		{EAF46D22-A1A7-4FCE-8289-3E16AD933DFE}.Debug|x64.ActiveCfg = Debug|x64
		{EAF46D22-A1A7-4FCE-8289-3E16AD933DFE}.Debug|x64.Build.0 = Debug|x64
		{EAF46D22-A1A7-4FCE-8289-3E16AD933DFE}.Debug|x86.ActiveCfg = Debug|Win32
		{EAF46D22-A1A7-4FCE-8289-3E16AD933DFE}.Debug|x86.Build.0 = Debug|Win32
		{EAF46D22-A1A7-4FCE-8289-3E16AD933DFE}.Release|x64.ActiveCfg = Release|x64
		{EAF46D22-A1A7-4FCE-8289-3E16AD933DFE}.Release|x64.Build.0 = Release|x64
		{EAF46D22-A1A7-4FCE-8289-3E16AD933DFE}.Release|x86.ActiveCfg = Release|Win32
		{EAF46D22-A1A7-4FCE-8289-3E16AD933DFE}.Release|x86.Build.0 = Release|Win32
	EndGlobalSection
	GlobalSection(SolutionProperties) = preSolution
		HideSolutionNode = FALSE
	EndGlobalSection
	GlobalSection(ExtensibilityGlobals) = postSolution
		SolutionGuid = {DFED0A73-D9AF-4DD3-9BD2-4D20E1BE4672}
	EndGlobalSection
EndGlobal
