
Microsoft Visual Studio Solution File, Format Version 12.00
# Visual Studio Version 16
VisualStudioVersion = 16.0.30320.27
MinimumVisualStudioVersion = 10.0.40219.1
Project("{8BC9CEB8-8B4A-11D0-8D11-00A0C91BC942}") = "PhoneBookSmall", "PhoneBookSmall\PhoneBookSmall.vcxproj", "{BDD5CC25-9458-43C1-A6A6-3E4180129702}"
EndProject
Project("{8BC9CEB8-8B4A-11D0-8D11-00A0C91BC942}") = "PhoneBookSmallDLL", "PhoneBookSmallDLL\PhoneBookSmallDLL.vcxproj", "{EF7C1915-ACFC-42A3-958B-F92A381A2EC0}"
EndProject
Project("{8BC9CEB8-8B4A-11D0-8D11-00A0C91BC942}") = "ConsoleApplication", "ConsoleApplication\ConsoleApplication.vcxproj", "{BD975FEB-E46D-429C-9764-D043E9F22266}"
EndProject
Global
	GlobalSection(SolutionConfigurationPlatforms) = preSolution
		Debug|x64 = Debug|x64
		Debug|x86 = Debug|x86
		Release|x64 = Release|x64
		Release|x86 = Release|x86
	EndGlobalSection
	GlobalSection(ProjectConfigurationPlatforms) = postSolution
		{BDD5CC25-9458-43C1-A6A6-3E4180129702}.Debug|x64.ActiveCfg = Debug|x64
		{BDD5CC25-9458-43C1-A6A6-3E4180129702}.Debug|x64.Build.0 = Debug|x64
		{BDD5CC25-9458-43C1-A6A6-3E4180129702}.Debug|x86.ActiveCfg = Debug|Win32
		{BDD5CC25-9458-43C1-A6A6-3E4180129702}.Debug|x86.Build.0 = Debug|Win32
		{BDD5CC25-9458-43C1-A6A6-3E4180129702}.Release|x64.ActiveCfg = Release|x64
		{BDD5CC25-9458-43C1-A6A6-3E4180129702}.Release|x64.Build.0 = Release|x64
		{BDD5CC25-9458-43C1-A6A6-3E4180129702}.Release|x86.ActiveCfg = Release|Win32
		{BDD5CC25-9458-43C1-A6A6-3E4180129702}.Release|x86.Build.0 = Release|Win32
		{EF7C1915-ACFC-42A3-958B-F92A381A2EC0}.Debug|x64.ActiveCfg = Debug|x64
		{EF7C1915-ACFC-42A3-958B-F92A381A2EC0}.Debug|x64.Build.0 = Debug|x64
		{EF7C1915-ACFC-42A3-958B-F92A381A2EC0}.Debug|x86.ActiveCfg = Debug|Win32
		{EF7C1915-ACFC-42A3-958B-F92A381A2EC0}.Debug|x86.Build.0 = Debug|Win32
		{EF7C1915-ACFC-42A3-958B-F92A381A2EC0}.Release|x64.ActiveCfg = Release|x64
		{EF7C1915-ACFC-42A3-958B-F92A381A2EC0}.Release|x64.Build.0 = Release|x64
		{EF7C1915-ACFC-42A3-958B-F92A381A2EC0}.Release|x86.ActiveCfg = Release|Win32
		{EF7C1915-ACFC-42A3-958B-F92A381A2EC0}.Release|x86.Build.0 = Release|Win32
		{BD975FEB-E46D-429C-9764-D043E9F22266}.Debug|x64.ActiveCfg = Debug|x64
		{BD975FEB-E46D-429C-9764-D043E9F22266}.Debug|x64.Build.0 = Debug|x64
		{BD975FEB-E46D-429C-9764-D043E9F22266}.Debug|x86.ActiveCfg = Debug|Win32
		{BD975FEB-E46D-429C-9764-D043E9F22266}.Debug|x86.Build.0 = Debug|Win32
		{BD975FEB-E46D-429C-9764-D043E9F22266}.Release|x64.ActiveCfg = Release|x64
		{BD975FEB-E46D-429C-9764-D043E9F22266}.Release|x64.Build.0 = Release|x64
		{BD975FEB-E46D-429C-9764-D043E9F22266}.Release|x86.ActiveCfg = Release|Win32
		{BD975FEB-E46D-429C-9764-D043E9F22266}.Release|x86.Build.0 = Release|Win32
	EndGlobalSection
	GlobalSection(SolutionProperties) = preSolution
		HideSolutionNode = FALSE
	EndGlobalSection
	GlobalSection(ExtensibilityGlobals) = postSolution
		SolutionGuid = {5026A85F-7DC7-42F0-9B4B-92E135782F95}
	EndGlobalSection
EndGlobal
